
Microsoft Visual Studio Solution File, Format Version 12.00
# Visual Studio Version 17
VisualStudioVersion = 17.3.32811.315
MinimumVisualStudioVersion = 10.0.40219.1
Project("{8BC9CEB8-8B4A-11D0-8D11-00A0C91BC942}") = "mod_enable_damage_counter", "mod_enable_damage_counter\mod_enable_damage_counter.vcxproj", "{15A5086A-8F42-4A6E-BA62-652AC9A7A861}"
EndProject
Project("{8BC9CEB8-8B4A-11D0-8D11-00A0C91BC942}") = "experiments", "experiments\experiments.vcxproj", "{7D08BBA2-7FDA-4FEE-A71C-6BA68A4BA962}"
EndProject
Project("{8BC9CEB8-8B4A-11D0-8D11-00A0C91BC942}") = "mod_improved_input_display", "improved_input_display\improved_input_display.vcxproj", "{268B3385-A45D-4604-A476-89229933EF09}"
EndProject
Global
	GlobalSection(SolutionConfigurationPlatforms) = preSolution
		Debug|x64 = Debug|x64
		Debug|x86 = Debug|x86
		Release|x64 = Release|x64
		Release|x86 = Release|x86
	EndGlobalSection
	GlobalSection(ProjectConfigurationPlatforms) = postSolution
		{15A5086A-8F42-4A6E-BA62-652AC9A7A861}.Debug|x64.ActiveCfg = Debug|x64
		{15A5086A-8F42-4A6E-BA62-652AC9A7A861}.Debug|x64.Build.0 = Debug|x64
		{15A5086A-8F42-4A6E-BA62-652AC9A7A861}.Debug|x86.ActiveCfg = Debug|Win32
		{15A5086A-8F42-4A6E-BA62-652AC9A7A861}.Debug|x86.Build.0 = Debug|Win32
		{15A5086A-8F42-4A6E-BA62-652AC9A7A861}.Release|x64.ActiveCfg = Release|x64
		{15A5086A-8F42-4A6E-BA62-652AC9A7A861}.Release|x64.Build.0 = Release|x64
		{15A5086A-8F42-4A6E-BA62-652AC9A7A861}.Release|x86.ActiveCfg = Release|Win32
		{15A5086A-8F42-4A6E-BA62-652AC9A7A861}.Release|x86.Build.0 = Release|Win32
		{7D08BBA2-7FDA-4FEE-A71C-6BA68A4BA962}.Debug|x64.ActiveCfg = Debug|x64
		{7D08BBA2-7FDA-4FEE-A71C-6BA68A4BA962}.Debug|x64.Build.0 = Debug|x64
		{7D08BBA2-7FDA-4FEE-A71C-6BA68A4BA962}.Debug|x86.ActiveCfg = Debug|Win32
		{7D08BBA2-7FDA-4FEE-A71C-6BA68A4BA962}.Debug|x86.Build.0 = Debug|Win32
		{7D08BBA2-7FDA-4FEE-A71C-6BA68A4BA962}.Release|x64.ActiveCfg = Release|x64
		{7D08BBA2-7FDA-4FEE-A71C-6BA68A4BA962}.Release|x64.Build.0 = Release|x64
		{7D08BBA2-7FDA-4FEE-A71C-6BA68A4BA962}.Release|x86.ActiveCfg = Release|Win32
		{7D08BBA2-7FDA-4FEE-A71C-6BA68A4BA962}.Release|x86.Build.0 = Release|Win32
		{268B3385-A45D-4604-A476-89229933EF09}.Debug|x64.ActiveCfg = Debug|x64
		{268B3385-A45D-4604-A476-89229933EF09}.Debug|x64.Build.0 = Debug|x64
		{268B3385-A45D-4604-A476-89229933EF09}.Debug|x86.ActiveCfg = Debug|Win32
		{268B3385-A45D-4604-A476-89229933EF09}.Debug|x86.Build.0 = Debug|Win32
		{268B3385-A45D-4604-A476-89229933EF09}.Release|x64.ActiveCfg = Release|x64
		{268B3385-A45D-4604-A476-89229933EF09}.Release|x64.Build.0 = Release|x64
		{268B3385-A45D-4604-A476-89229933EF09}.Release|x86.ActiveCfg = Release|Win32
		{268B3385-A45D-4604-A476-89229933EF09}.Release|x86.Build.0 = Release|Win32
	EndGlobalSection
	GlobalSection(SolutionProperties) = preSolution
		HideSolutionNode = FALSE
	EndGlobalSection
	GlobalSection(ExtensibilityGlobals) = postSolution
		SolutionGuid = {A558EC39-2A75-4210-AA31-C1C2138F84C6}
	EndGlobalSection
EndGlobal
